
Microsoft Visual Studio Solution File, Format Version 12.00
# Visual Studio 2015
Project("{FAE04EC0-301F-11D3-BF4B-00C04F79EFBC}") = "Unity_xXxTools", "Unity_xXxTools.csproj", "{45FABD1B-A4BC-1131-BF9A-36E4DBDF4210}"
EndProject
Project("{FAE04EC0-301F-11D3-BF4B-00C04F79EFBC}") = "Unity_xXxTools.Editor", "Unity_xXxTools.Editor.csproj", "{A9F690A5-8003-04AE-BF7E-0FAB300FF95C}"
EndProject
Global
	GlobalSection(SolutionConfigurationPlatforms) = preSolution
		Debug|Any CPU = Debug|Any CPU
		Release|Any CPU = Release|Any CPU
	EndGlobalSection
	GlobalSection(ProjectConfigurationPlatforms) = postSolution
		{45FABD1B-A4BC-1131-BF9A-36E4DBDF4210}.Debug|Any CPU.ActiveCfg = Debug|Any CPU
		{45FABD1B-A4BC-1131-BF9A-36E4DBDF4210}.Debug|Any CPU.Build.0 = Debug|Any CPU
		{45FABD1B-A4BC-1131-BF9A-36E4DBDF4210}.Release|Any CPU.ActiveCfg = Release|Any CPU
		{45FABD1B-A4BC-1131-BF9A-36E4DBDF4210}.Release|Any CPU.Build.0 = Release|Any CPU
		{A9F690A5-8003-04AE-BF7E-0FAB300FF95C}.Debug|Any CPU.ActiveCfg = Debug|Any CPU
		{A9F690A5-8003-04AE-BF7E-0FAB300FF95C}.Debug|Any CPU.Build.0 = Debug|Any CPU
		{A9F690A5-8003-04AE-BF7E-0FAB300FF95C}.Release|Any CPU.ActiveCfg = Release|Any CPU
		{A9F690A5-8003-04AE-BF7E-0FAB300FF95C}.Release|Any CPU.Build.0 = Release|Any CPU
	EndGlobalSection
	GlobalSection(SolutionProperties) = preSolution
		HideSolutionNode = FALSE
	EndGlobalSection
EndGlobal
